
Microsoft Visual Studio Solution File, Format Version 12.00
# Visual Studio Version 16
VisualStudioVersion = 16.0.30621.155
MinimumVisualStudioVersion = 10.0.40219.1
Project("{2150E333-8FDC-42A3-9474-1A3956D46DE8}") = "Solution Items", "Solution Items", "{78DB2F94-3373-46CE-9830-178FCF49E1DC}"
	ProjectSection(SolutionItems) = preProject
		dashBoard.html = dashBoard.html
		DashStyle.css = DashStyle.css
		humidityGraph.html = humidityGraph.html
		phGraph.html = phGraph.html
		Script1.js = Script1.js
		tempGraph.html = tempGraph.html
		waterLevels.html = waterLevels.html
	EndProjectSection
EndProject
Global
	GlobalSection(SolutionProperties) = preSolution
		HideSolutionNode = FALSE
	EndGlobalSection
	GlobalSection(ExtensibilityGlobals) = postSolution
		SolutionGuid = {44904CA1-E2FF-43E3-9DDC-C0F585B113D5}
	EndGlobalSection
EndGlobal
